
Microsoft Visual Studio Solution File, Format Version 12.00
# Visual Studio Version 16
VisualStudioVersion = 16.0.29326.143
MinimumVisualStudioVersion = 10.0.40219.1
Project("{FAE04EC0-301F-11D3-BF4B-00C04F79EFBC}") = "SupermarketManagement", "SupermarketManagement\SupermarketManagement.csproj", "{118D0D52-5640-4026-8D92-E61E75371161}"
EndProject
Global
	GlobalSection(SolutionConfigurationPlatforms) = preSolution
		Debug|Any CPU = Debug|Any CPU
		Release|Any CPU = Release|Any CPU
	EndGlobalSection
	GlobalSection(ProjectConfigurationPlatforms) = postSolution
		{118D0D52-5640-4026-8D92-E61E75371161}.Debug|Any CPU.ActiveCfg = Debug|Any CPU
		{118D0D52-5640-4026-8D92-E61E75371161}.Debug|Any CPU.Build.0 = Debug|Any CPU
		{118D0D52-5640-4026-8D92-E61E75371161}.Release|Any CPU.ActiveCfg = Release|Any CPU
		{118D0D52-5640-4026-8D92-E61E75371161}.Release|Any CPU.Build.0 = Release|Any CPU
	EndGlobalSection
	GlobalSection(SolutionProperties) = preSolution
		HideSolutionNode = FALSE
	EndGlobalSection
	GlobalSection(ExtensibilityGlobals) = postSolution
		SolutionGuid = {08532DE4-5157-4F25-A568-15104ACB9AF7}
	EndGlobalSection
EndGlobal
